# This file is automatically @generated by Cargo.
# It is not intended for manual editing.
version = 4

[[package]]
name = "libre_game_of_life_lib"
version = "1.0.0"
dependencies = [
 "manfredo",
]

[[package]]
name = "manfredo"
version = "1.0.0"
source = "git+https://github.com/joao-arthur/manfredo?rev=b3714a1da97a12722f13c36294241763334095f1#b3714a1da97a12722f13c36294241763334095f1"
