# This file is automatically @generated by Cargo.
# It is not intended for manual editing.
version = 4

[[package]]
name = "libre_game_of_life_lib"
version = "1.0.0"
dependencies = [
 "manfredo",
]

[[package]]
name = "manfredo"
version = "1.0.0"
source = "git+https://github.com/joao-arthur/manfredo?rev=a5727d1ee184afe93158ec8c0dd38b4468f195c9#a5727d1ee184afe93158ec8c0dd38b4468f195c9"
