# This file is automatically @generated by Cargo.
# It is not intended for manual editing.
version = 4

[[package]]
name = "libre_game_of_life_lib"
version = "1.0.0"
dependencies = [
 "manfredo",
]

[[package]]
name = "manfredo"
version = "1.0.0"
source = "git+https://github.com/joao-arthur/manfredo?rev=4ae37e3b9b66532af1ac66f2c16157d831af6910#4ae37e3b9b66532af1ac66f2c16157d831af6910"
